// !$*UTF8*$!
{
	archiveVersion = 1;
	classes = {
	};
	objectVersion = 52;
	objects = {

/* Begin PBXBuildFile section */
		207BF02D25B47B6D00EDEA9D /* ConnectionCheck.swift in Sources */ = {isa = PBXBuildFile; fileRef = 207BF02C25B47B6D00EDEA9D /* ConnectionCheck.swift */; };
		207BF03125B4838B00EDEA9D /* Endpoint.swift in Sources */ = {isa = PBXBuildFile; fileRef = 207BF03025B4838B00EDEA9D /* Endpoint.swift */; };
		207BF03525B484F900EDEA9D /* URL+makeForEndpoint.swift in Sources */ = {isa = PBXBuildFile; fileRef = 207BF03425B484F900EDEA9D /* URL+makeForEndpoint.swift */; };
		20D8ADB325B471BF00089266 /* AppDelegate.swift in Sources */ = {isa = PBXBuildFile; fileRef = 20D8ADB225B471BF00089266 /* AppDelegate.swift */; };
		20D8ADB525B471BF00089266 /* SceneDelegate.swift in Sources */ = {isa = PBXBuildFile; fileRef = 20D8ADB425B471BF00089266 /* SceneDelegate.swift */; };
		20D8ADB725B471BF00089266 /* RatesViewController.swift in Sources */ = {isa = PBXBuildFile; fileRef = 20D8ADB625B471BF00089266 /* RatesViewController.swift */; };
		20D8ADBC25B471C300089266 /* Assets.xcassets in Resources */ = {isa = PBXBuildFile; fileRef = 20D8ADBB25B471C300089266 /* Assets.xcassets */; };
		20D8ADBF25B471C300089266 /* LaunchScreen.storyboard in Resources */ = {isa = PBXBuildFile; fileRef = 20D8ADBD25B471C300089266 /* LaunchScreen.storyboard */; };
		20D8ADCA25B472B000089266 /* NavigationController.swift in Sources */ = {isa = PBXBuildFile; fileRef = 20D8ADC925B472B000089266 /* NavigationController.swift */; };
		20D8ADD525B473B800089266 /* Rate.swift in Sources */ = {isa = PBXBuildFile; fileRef = 20D8ADD425B473B800089266 /* Rate.swift */; };
		20D8ADD925B4748900089266 /* Alamofire in Frameworks */ = {isa = PBXBuildFile; productRef = 20D8ADD825B4748900089266 /* Alamofire */; };
		20D8ADDD25B4756500089266 /* RateTableViewCell.swift in Sources */ = {isa = PBXBuildFile; fileRef = 20D8ADDC25B4756500089266 /* RateTableViewCell.swift */; };
		20D8ADE025B4759700089266 /* RateTableViewCell.xib in Resources */ = {isa = PBXBuildFile; fileRef = 20D8ADDF25B4759700089266 /* RateTableViewCell.xib */; };
/* End PBXBuildFile section */

/* Begin PBXFileReference section */
		207BF02C25B47B6D00EDEA9D /* ConnectionCheck.swift */ = {isa = PBXFileReference; lastKnownFileType = sourcecode.swift; path = ConnectionCheck.swift; sourceTree = "<group>"; };
		207BF03025B4838B00EDEA9D /* Endpoint.swift */ = {isa = PBXFileReference; lastKnownFileType = sourcecode.swift; path = Endpoint.swift; sourceTree = "<group>"; };
		207BF03425B484F900EDEA9D /* URL+makeForEndpoint.swift */ = {isa = PBXFileReference; lastKnownFileType = sourcecode.swift; path = "URL+makeForEndpoint.swift"; sourceTree = "<group>"; };
		20D8ADAF25B471BF00089266 /* CryptoRatesAF.app */ = {isa = PBXFileReference; explicitFileType = wrapper.application; includeInIndex = 0; path = CryptoRatesAF.app; sourceTree = BUILT_PRODUCTS_DIR; };
		20D8ADB225B471BF00089266 /* AppDelegate.swift */ = {isa = PBXFileReference; lastKnownFileType = sourcecode.swift; path = AppDelegate.swift; sourceTree = "<group>"; };
		20D8ADB425B471BF00089266 /* SceneDelegate.swift */ = {isa = PBXFileReference; lastKnownFileType = sourcecode.swift; path = SceneDelegate.swift; sourceTree = "<group>"; };
		20D8ADB625B471BF00089266 /* RatesViewController.swift */ = {isa = PBXFileReference; lastKnownFileType = sourcecode.swift; path = RatesViewController.swift; sourceTree = "<group>"; };
		20D8ADBB25B471C300089266 /* Assets.xcassets */ = {isa = PBXFileReference; lastKnownFileType = folder.assetcatalog; path = Assets.xcassets; sourceTree = "<group>"; };
		20D8ADBE25B471C300089266 /* Base */ = {isa = PBXFileReference; lastKnownFileType = file.storyboard; name = Base; path = Base.lproj/LaunchScreen.storyboard; sourceTree = "<group>"; };
		20D8ADC025B471C300089266 /* Info.plist */ = {isa = PBXFileReference; lastKnownFileType = text.plist.xml; path = Info.plist; sourceTree = "<group>"; };
		20D8ADC925B472B000089266 /* NavigationController.swift */ = {isa = PBXFileReference; lastKnownFileType = sourcecode.swift; path = NavigationController.swift; sourceTree = "<group>"; };
		20D8ADD425B473B800089266 /* Rate.swift */ = {isa = PBXFileReference; lastKnownFileType = sourcecode.swift; path = Rate.swift; sourceTree = "<group>"; };
		20D8ADDC25B4756500089266 /* RateTableViewCell.swift */ = {isa = PBXFileReference; lastKnownFileType = sourcecode.swift; path = RateTableViewCell.swift; sourceTree = "<group>"; };
		20D8ADDF25B4759700089266 /* RateTableViewCell.xib */ = {isa = PBXFileReference; lastKnownFileType = file.xib; path = RateTableViewCell.xib; sourceTree = "<group>"; };
/* End PBXFileReference section */

/* Begin PBXFrameworksBuildPhase section */
		20D8ADAC25B471BF00089266 /* Frameworks */ = {
			isa = PBXFrameworksBuildPhase;
			buildActionMask = 2147483647;
			files = (
				20D8ADD925B4748900089266 /* Alamofire in Frameworks */,
			);
			runOnlyForDeploymentPostprocessing = 0;
		};
/* End PBXFrameworksBuildPhase section */

/* Begin PBXGroup section */
		207BF02A25B47B4B00EDEA9D /* Services */ = {
			isa = PBXGroup;
			children = (
				207BF02B25B47B5600EDEA9D /* ConnectionCheck */,
			);
			path = Services;
			sourceTree = "<group>";
		};
		207BF02B25B47B5600EDEA9D /* ConnectionCheck */ = {
			isa = PBXGroup;
			children = (
				207BF02C25B47B6D00EDEA9D /* ConnectionCheck.swift */,
			);
			path = ConnectionCheck;
			sourceTree = "<group>";
		};
		207BF02F25B4837E00EDEA9D /* Networking */ = {
			isa = PBXGroup;
			children = (
				207BF03025B4838B00EDEA9D /* Endpoint.swift */,
			);
			path = Networking;
			sourceTree = "<group>";
		};
		20D8ADA625B471BF00089266 = {
			isa = PBXGroup;
			children = (
				20D8ADB125B471BF00089266 /* CryptoRatesAF */,
				20D8ADB025B471BF00089266 /* Products */,
			);
			sourceTree = "<group>";
		};
		20D8ADB025B471BF00089266 /* Products */ = {
			isa = PBXGroup;
			children = (
				20D8ADAF25B471BF00089266 /* CryptoRatesAF.app */,
			);
			name = Products;
			sourceTree = "<group>";
		};
		20D8ADB125B471BF00089266 /* CryptoRatesAF */ = {
			isa = PBXGroup;
			children = (
				207BF02F25B4837E00EDEA9D /* Networking */,
				207BF02A25B47B4B00EDEA9D /* Services */,
				20D8ADD325B4739900089266 /* Models */,
				20D8ADD225B4735B00089266 /* ViewControllers */,
				20D8ADDB25B4752700089266 /* Views */,
				20D8ADCD25B472DB00089266 /* Common */,
				20D8ADCC25B472C800089266 /* Resources */,
			);
			path = CryptoRatesAF;
			sourceTree = "<group>";
		};
		20D8ADCC25B472C800089266 /* Resources */ = {
			isa = PBXGroup;
			children = (
				20D8ADBB25B471C300089266 /* Assets.xcassets */,
			);
			path = Resources;
			sourceTree = "<group>";
		};
		20D8ADCD25B472DB00089266 /* Common */ = {
			isa = PBXGroup;
			children = (
				20D8ADD125B4733100089266 /* Extensions */,
				20D8ADCE25B472E600089266 /* Supporting Files */,
			);
			path = Common;
			sourceTree = "<group>";
		};
		20D8ADCE25B472E600089266 /* Supporting Files */ = {
			isa = PBXGroup;
			children = (
				20D8ADB225B471BF00089266 /* AppDelegate.swift */,
				20D8ADB425B471BF00089266 /* SceneDelegate.swift */,
				20D8ADC025B471C300089266 /* Info.plist */,
				20D8ADBD25B471C300089266 /* LaunchScreen.storyboard */,
			);
			path = "Supporting Files";
			sourceTree = "<group>";
		};
		20D8ADD125B4733100089266 /* Extensions */ = {
			isa = PBXGroup;
			children = (
				207BF03425B484F900EDEA9D /* URL+makeForEndpoint.swift */,
			);
			path = Extensions;
			sourceTree = "<group>";
		};
		20D8ADD225B4735B00089266 /* ViewControllers */ = {
			isa = PBXGroup;
			children = (
				20D8ADB625B471BF00089266 /* RatesViewController.swift */,
				20D8ADC925B472B000089266 /* NavigationController.swift */,
			);
			path = ViewControllers;
			sourceTree = "<group>";
		};
		20D8ADD325B4739900089266 /* Models */ = {
			isa = PBXGroup;
			children = (
				20D8ADD425B473B800089266 /* Rate.swift */,
			);
			path = Models;
			sourceTree = "<group>";
		};
		20D8ADDB25B4752700089266 /* Views */ = {
			isa = PBXGroup;
			children = (
				20D8ADDC25B4756500089266 /* RateTableViewCell.swift */,
				20D8ADDF25B4759700089266 /* RateTableViewCell.xib */,
			);
			path = Views;
			sourceTree = "<group>";
		};
/* End PBXGroup section */

/* Begin PBXNativeTarget section */
		20D8ADAE25B471BF00089266 /* CryptoRatesAF */ = {
			isa = PBXNativeTarget;
			buildConfigurationList = 20D8ADC325B471C300089266 /* Build configuration list for PBXNativeTarget "CryptoRatesAF" */;
			buildPhases = (
				20D8ADAB25B471BF00089266 /* Sources */,
				20D8ADAC25B471BF00089266 /* Frameworks */,
				20D8ADAD25B471BF00089266 /* Resources */,
			);
			buildRules = (
			);
			dependencies = (
			);
			name = CryptoRatesAF;
			packageProductDependencies = (
				20D8ADD825B4748900089266 /* Alamofire */,
			);
			productName = CryptoRatesAF;
			productReference = 20D8ADAF25B471BF00089266 /* CryptoRatesAF.app */;
			productType = "com.apple.product-type.application";
		};
/* End PBXNativeTarget section */

/* Begin PBXProject section */
		20D8ADA725B471BF00089266 /* Project object */ = {
			isa = PBXProject;
			attributes = {
				LastSwiftUpdateCheck = 1230;
				LastUpgradeCheck = 1230;
				TargetAttributes = {
					20D8ADAE25B471BF00089266 = {
						CreatedOnToolsVersion = 12.3;
					};
				};
			};
			buildConfigurationList = 20D8ADAA25B471BF00089266 /* Build configuration list for PBXProject "CryptoRatesAF" */;
			compatibilityVersion = "Xcode 9.3";
			developmentRegion = en;
			hasScannedForEncodings = 0;
			knownRegions = (
				en,
				Base,
			);
			mainGroup = 20D8ADA625B471BF00089266;
			packageReferences = (
				20D8ADD725B4748900089266 /* XCRemoteSwiftPackageReference "Alamofire" */,
			);
			productRefGroup = 20D8ADB025B471BF00089266 /* Products */;
			projectDirPath = "";
			projectRoot = "";
			targets = (
				20D8ADAE25B471BF00089266 /* CryptoRatesAF */,
			);
		};
/* End PBXProject section */

/* Begin PBXResourcesBuildPhase section */
		20D8ADAD25B471BF00089266 /* Resources */ = {
			isa = PBXResourcesBuildPhase;
			buildActionMask = 2147483647;
			files = (
				20D8ADBF25B471C300089266 /* LaunchScreen.storyboard in Resources */,
				20D8ADE025B4759700089266 /* RateTableViewCell.xib in Resources */,
				20D8ADBC25B471C300089266 /* Assets.xcassets in Resources */,
			);
			runOnlyForDeploymentPostprocessing = 0;
		};
/* End PBXResourcesBuildPhase section */

/* Begin PBXSourcesBuildPhase section */
		20D8ADAB25B471BF00089266 /* Sources */ = {
			isa = PBXSourcesBuildPhase;
			buildActionMask = 2147483647;
			files = (
				20D8ADB725B471BF00089266 /* RatesViewController.swift in Sources */,
				207BF02D25B47B6D00EDEA9D /* ConnectionCheck.swift in Sources */,
				207BF03125B4838B00EDEA9D /* Endpoint.swift in Sources */,
				20D8ADCA25B472B000089266 /* NavigationController.swift in Sources */,
				20D8ADB325B471BF00089266 /* AppDelegate.swift in Sources */,
				20D8ADD525B473B800089266 /* Rate.swift in Sources */,
				20D8ADB525B471BF00089266 /* SceneDelegate.swift in Sources */,
				207BF03525B484F900EDEA9D /* URL+makeForEndpoint.swift in Sources */,
				20D8ADDD25B4756500089266 /* RateTableViewCell.swift in Sources */,
			);
			runOnlyForDeploymentPostprocessing = 0;
		};
/* End PBXSourcesBuildPhase section */

/* Begin PBXVariantGroup section */
		20D8ADBD25B471C300089266 /* LaunchScreen.storyboard */ = {
			isa = PBXVariantGroup;
			children = (
				20D8ADBE25B471C300089266 /* Base */,
			);
			name = LaunchScreen.storyboard;
			sourceTree = "<group>";
		};
/* End PBXVariantGroup section */

/* Begin XCBuildConfiguration section */
		20D8ADC125B471C300089266 /* Debug */ = {
			isa = XCBuildConfiguration;
			buildSettings = {
				ALWAYS_SEARCH_USER_PATHS = NO;
				CLANG_ANALYZER_NONNULL = YES;
				CLANG_ANALYZER_NUMBER_OBJECT_CONVERSION = YES_AGGRESSIVE;
				CLANG_CXX_LANGUAGE_STANDARD = "gnu++14";
				CLANG_CXX_LIBRARY = "libc++";
				CLANG_ENABLE_MODULES = YES;
				CLANG_ENABLE_OBJC_ARC = YES;
				CLANG_ENABLE_OBJC_WEAK = YES;
				CLANG_WARN_BLOCK_CAPTURE_AUTORELEASING = YES;
				CLANG_WARN_BOOL_CONVERSION = YES;
				CLANG_WARN_COMMA = YES;
				CLANG_WARN_CONSTANT_CONVERSION = YES;
				CLANG_WARN_DEPRECATED_OBJC_IMPLEMENTATIONS = YES;
				CLANG_WARN_DIRECT_OBJC_ISA_USAGE = YES_ERROR;
				CLANG_WARN_DOCUMENTATION_COMMENTS = YES;
				CLANG_WARN_EMPTY_BODY = YES;
				CLANG_WARN_ENUM_CONVERSION = YES;
				CLANG_WARN_INFINITE_RECURSION = YES;
				CLANG_WARN_INT_CONVERSION = YES;
				CLANG_WARN_NON_LITERAL_NULL_CONVERSION = YES;
				CLANG_WARN_OBJC_IMPLICIT_RETAIN_SELF = YES;
				CLANG_WARN_OBJC_LITERAL_CONVERSION = YES;
				CLANG_WARN_OBJC_ROOT_CLASS = YES_ERROR;
				CLANG_WARN_QUOTED_INCLUDE_IN_FRAMEWORK_HEADER = YES;
				CLANG_WARN_RANGE_LOOP_ANALYSIS = YES;
				CLANG_WARN_STRICT_PROTOTYPES = YES;
				CLANG_WARN_SUSPICIOUS_MOVE = YES;
				CLANG_WARN_UNGUARDED_AVAILABILITY = YES_AGGRESSIVE;
				CLANG_WARN_UNREACHABLE_CODE = YES;
				CLANG_WARN__DUPLICATE_METHOD_MATCH = YES;
				COPY_PHASE_STRIP = NO;
				DEBUG_INFORMATION_FORMAT = dwarf;
				ENABLE_STRICT_OBJC_MSGSEND = YES;
				ENABLE_TESTABILITY = YES;
				GCC_C_LANGUAGE_STANDARD = gnu11;
				GCC_DYNAMIC_NO_PIC = NO;
				GCC_NO_COMMON_BLOCKS = YES;
				GCC_OPTIMIZATION_LEVEL = 0;
				GCC_PREPROCESSOR_DEFINITIONS = (
					"DEBUG=1",
					"$(inherited)",
				);
				GCC_WARN_64_TO_32_BIT_CONVERSION = YES;
				GCC_WARN_ABOUT_RETURN_TYPE = YES_ERROR;
				GCC_WARN_UNDECLARED_SELECTOR = YES;
				GCC_WARN_UNINITIALIZED_AUTOS = YES_AGGRESSIVE;
				GCC_WARN_UNUSED_FUNCTION = YES;
				GCC_WARN_UNUSED_VARIABLE = YES;
				IPHONEOS_DEPLOYMENT_TARGET = 14.0;
				MTL_ENABLE_DEBUG_INFO = INCLUDE_SOURCE;
				MTL_FAST_MATH = YES;
				ONLY_ACTIVE_ARCH = YES;
				SDKROOT = iphoneos;
				SWIFT_ACTIVE_COMPILATION_CONDITIONS = DEBUG;
				SWIFT_OPTIMIZATION_LEVEL = "-Onone";
			};
			name = Debug;
		};
		20D8ADC225B471C300089266 /* Release */ = {
			isa = XCBuildConfiguration;
			buildSettings = {
				ALWAYS_SEARCH_USER_PATHS = NO;
				CLANG_ANALYZER_NONNULL = YES;
				CLANG_ANALYZER_NUMBER_OBJECT_CONVERSION = YES_AGGRESSIVE;
				CLANG_CXX_LANGUAGE_STANDARD = "gnu++14";
				CLANG_CXX_LIBRARY = "libc++";
				CLANG_ENABLE_MODULES = YES;
				CLANG_ENABLE_OBJC_ARC = YES;
				CLANG_ENABLE_OBJC_WEAK = YES;
				CLANG_WARN_BLOCK_CAPTURE_AUTORELEASING = YES;
				CLANG_WARN_BOOL_CONVERSION = YES;
				CLANG_WARN_COMMA = YES;
				CLANG_WARN_CONSTANT_CONVERSION = YES;
				CLANG_WARN_DEPRECATED_OBJC_IMPLEMENTATIONS = YES;
				CLANG_WARN_DIRECT_OBJC_ISA_USAGE = YES_ERROR;
				CLANG_WARN_DOCUMENTATION_COMMENTS = YES;
				CLANG_WARN_EMPTY_BODY = YES;
				CLANG_WARN_ENUM_CONVERSION = YES;
				CLANG_WARN_INFINITE_RECURSION = YES;
				CLANG_WARN_INT_CONVERSION = YES;
				CLANG_WARN_NON_LITERAL_NULL_CONVERSION = YES;
				CLANG_WARN_OBJC_IMPLICIT_RETAIN_SELF = YES;
				CLANG_WARN_OBJC_LITERAL_CONVERSION = YES;
				CLANG_WARN_OBJC_ROOT_CLASS = YES_ERROR;
				CLANG_WARN_QUOTED_INCLUDE_IN_FRAMEWORK_HEADER = YES;
				CLANG_WARN_RANGE_LOOP_ANALYSIS = YES;
				CLANG_WARN_STRICT_PROTOTYPES = YES;
				CLANG_WARN_SUSPICIOUS_MOVE = YES;
				CLANG_WARN_UNGUARDED_AVAILABILITY = YES_AGGRESSIVE;
				CLANG_WARN_UNREACHABLE_CODE = YES;
				CLANG_WARN__DUPLICATE_METHOD_MATCH = YES;
				COPY_PHASE_STRIP = NO;
				DEBUG_INFORMATION_FORMAT = "dwarf-with-dsym";
				ENABLE_NS_ASSERTIONS = NO;
				ENABLE_STRICT_OBJC_MSGSEND = YES;
				GCC_C_LANGUAGE_STANDARD = gnu11;
				GCC_NO_COMMON_BLOCKS = YES;
				GCC_WARN_64_TO_32_BIT_CONVERSION = YES;
				GCC_WARN_ABOUT_RETURN_TYPE = YES_ERROR;
				GCC_WARN_UNDECLARED_SELECTOR = YES;
				GCC_WARN_UNINITIALIZED_AUTOS = YES_AGGRESSIVE;
				GCC_WARN_UNUSED_FUNCTION = YES;
				GCC_WARN_UNUSED_VARIABLE = YES;
				IPHONEOS_DEPLOYMENT_TARGET = 14.0;
				MTL_ENABLE_DEBUG_INFO = NO;
				MTL_FAST_MATH = YES;
				SDKROOT = iphoneos;
				SWIFT_COMPILATION_MODE = wholemodule;
				SWIFT_OPTIMIZATION_LEVEL = "-O";
				VALIDATE_PRODUCT = YES;
			};
			name = Release;
		};
		20D8ADC425B471C300089266 /* Debug */ = {
			isa = XCBuildConfiguration;
			buildSettings = {
				ASSETCATALOG_COMPILER_APPICON_NAME = AppIcon;
				ASSETCATALOG_COMPILER_GLOBAL_ACCENT_COLOR_NAME = AccentColor;
				CODE_SIGN_STYLE = Automatic;
				DEVELOPMENT_TEAM = ZP5T3JP7G6;
				INFOPLIST_FILE = "CryptoRatesAF/Common/Supporting Files/Info.plist";
				IPHONEOS_DEPLOYMENT_TARGET = 14.0;
				LD_RUNPATH_SEARCH_PATHS = (
					"$(inherited)",
					"@executable_path/Frameworks",
				);
				PRODUCT_BUNDLE_IDENTIFIER = "com.vladimir-belyaev.CryptoRatesAF";
				PRODUCT_NAME = "$(TARGET_NAME)";
				SWIFT_VERSION = 5.0;
				TARGETED_DEVICE_FAMILY = 1;
			};
			name = Debug;
		};
		20D8ADC525B471C300089266 /* Release */ = {
			isa = XCBuildConfiguration;
			buildSettings = {
				ASSETCATALOG_COMPILER_APPICON_NAME = AppIcon;
				ASSETCATALOG_COMPILER_GLOBAL_ACCENT_COLOR_NAME = AccentColor;
				CODE_SIGN_STYLE = Automatic;
				DEVELOPMENT_TEAM = ZP5T3JP7G6;
				INFOPLIST_FILE = "CryptoRatesAF/Common/Supporting Files/Info.plist";
				IPHONEOS_DEPLOYMENT_TARGET = 14.0;
				LD_RUNPATH_SEARCH_PATHS = (
					"$(inherited)",
					"@executable_path/Frameworks",
				);
				PRODUCT_BUNDLE_IDENTIFIER = "com.vladimir-belyaev.CryptoRatesAF";
				PRODUCT_NAME = "$(TARGET_NAME)";
				SWIFT_VERSION = 5.0;
				TARGETED_DEVICE_FAMILY = 1;
			};
			name = Release;
		};
/* End XCBuildConfiguration section */

/* Begin XCConfigurationList section */
		20D8ADAA25B471BF00089266 /* Build configuration list for PBXProject "CryptoRatesAF" */ = {
			isa = XCConfigurationList;
			buildConfigurations = (
				20D8ADC125B471C300089266 /* Debug */,
				20D8ADC225B471C300089266 /* Release */,
			);
			defaultConfigurationIsVisible = 0;
			defaultConfigurationName = Release;
		};
		20D8ADC325B471C300089266 /* Build configuration list for PBXNativeTarget "CryptoRatesAF" */ = {
			isa = XCConfigurationList;
			buildConfigurations = (
				20D8ADC425B471C300089266 /* Debug */,
				20D8ADC525B471C300089266 /* Release */,
			);
			defaultConfigurationIsVisible = 0;
			defaultConfigurationName = Release;
		};
/* End XCConfigurationList section */

/* Begin XCRemoteSwiftPackageReference section */
		20D8ADD725B4748900089266 /* XCRemoteSwiftPackageReference "Alamofire" */ = {
			isa = XCRemoteSwiftPackageReference;
			repositoryURL = "https://github.com/Alamofire/Alamofire.git";
			requirement = {
				kind = upToNextMajorVersion;
				minimumVersion = 5.4.1;
			};
		};
/* End XCRemoteSwiftPackageReference section */

/* Begin XCSwiftPackageProductDependency section */
		20D8ADD825B4748900089266 /* Alamofire */ = {
			isa = XCSwiftPackageProductDependency;
			package = 20D8ADD725B4748900089266 /* XCRemoteSwiftPackageReference "Alamofire" */;
			productName = Alamofire;
		};
/* End XCSwiftPackageProductDependency section */
	};
	rootObject = 20D8ADA725B471BF00089266 /* Project object */;
}
